
Microsoft Visual Studio Solution File, Format Version 12.00
# Visual Studio Version 17
VisualStudioVersion = 17.1.31911.260
MinimumVisualStudioVersion = 10.0.40219.1
Project("{8BC9CEB8-8B4A-11D0-8D11-00A0C91BC942}") = "EchelonInjector", "EchelonInjector\EchelonInjector.vcxproj", "{4F9EBFAE-FFE7-4515-AEC3-0F3D6BF01B09}"
EndProject
Global
	GlobalSection(SolutionConfigurationPlatforms) = preSolution
		Debug|x64 = Debug|x64
		Debug|x86 = Debug|x86
		Release|x64 = Release|x64
		Release|x86 = Release|x86
	EndGlobalSection
	GlobalSection(ProjectConfigurationPlatforms) = postSolution
		{4F9EBFAE-FFE7-4515-AEC3-0F3D6BF01B09}.Debug|x64.ActiveCfg = Debug|x64
		{4F9EBFAE-FFE7-4515-AEC3-0F3D6BF01B09}.Debug|x64.Build.0 = Debug|x64
		{4F9EBFAE-FFE7-4515-AEC3-0F3D6BF01B09}.Debug|x86.ActiveCfg = Debug|Win32
		{4F9EBFAE-FFE7-4515-AEC3-0F3D6BF01B09}.Debug|x86.Build.0 = Debug|Win32
		{4F9EBFAE-FFE7-4515-AEC3-0F3D6BF01B09}.Release|x64.ActiveCfg = Release|x64
		{4F9EBFAE-FFE7-4515-AEC3-0F3D6BF01B09}.Release|x64.Build.0 = Release|x64
		{4F9EBFAE-FFE7-4515-AEC3-0F3D6BF01B09}.Release|x86.ActiveCfg = Release|Win32
		{4F9EBFAE-FFE7-4515-AEC3-0F3D6BF01B09}.Release|x86.Build.0 = Release|Win32
	EndGlobalSection
	GlobalSection(SolutionProperties) = preSolution
		HideSolutionNode = FALSE
	EndGlobalSection
	GlobalSection(ExtensibilityGlobals) = postSolution
		SolutionGuid = {18CE885C-FA92-454E-9DCC-9E6F2668064D}
	EndGlobalSection
EndGlobal
